
Microsoft Visual Studio Solution File, Format Version 12.00
# Visual Studio 15
VisualStudioVersion = 15.0.27703.2000
MinimumVisualStudioVersion = 10.0.40219.1
Project("{FAE04EC0-301F-11D3-BF4B-00C04F79EFBC}") = "OcampoElective2Project.Android", "OcampoElective2Project\OcampoElective2Project.Android\OcampoElective2Project.Android.csproj", "{35A10F31-AE1F-4922-A422-4A0AC3AD98BF}"
EndProject
Project("{FAE04EC0-301F-11D3-BF4B-00C04F79EFBC}") = "OcampoElective2Project.iOS", "OcampoElective2Project\OcampoElective2Project.iOS\OcampoElective2Project.iOS.csproj", "{42FA2AAD-70CE-429F-B748-ACCCE3501377}"
EndProject
Project("{9A19103F-16F7-4668-BE54-9A1E7A4F7556}") = "OcampoElective2Project", "OcampoElective2Project\OcampoElective2Project\OcampoElective2Project.csproj", "{5E13BC6D-7844-4283-80B3-63978E2AEB09}"
EndProject
Global
	GlobalSection(SolutionConfigurationPlatforms) = preSolution
		Ad-Hoc|Any CPU = Ad-Hoc|Any CPU
		Ad-Hoc|iPhone = Ad-Hoc|iPhone
		Ad-Hoc|iPhoneSimulator = Ad-Hoc|iPhoneSimulator
		AppStore|Any CPU = AppStore|Any CPU
		AppStore|iPhone = AppStore|iPhone
		AppStore|iPhoneSimulator = AppStore|iPhoneSimulator
		Debug|Any CPU = Debug|Any CPU
		Debug|iPhone = Debug|iPhone
		Debug|iPhoneSimulator = Debug|iPhoneSimulator
		Release|Any CPU = Release|Any CPU
		Release|iPhone = Release|iPhone
		Release|iPhoneSimulator = Release|iPhoneSimulator
	EndGlobalSection
	GlobalSection(ProjectConfigurationPlatforms) = postSolution
		{35A10F31-AE1F-4922-A422-4A0AC3AD98BF}.Ad-Hoc|Any CPU.ActiveCfg = Release|Any CPU
		{35A10F31-AE1F-4922-A422-4A0AC3AD98BF}.Ad-Hoc|Any CPU.Build.0 = Release|Any CPU
		{35A10F31-AE1F-4922-A422-4A0AC3AD98BF}.Ad-Hoc|Any CPU.Deploy.0 = Release|Any CPU
		{35A10F31-AE1F-4922-A422-4A0AC3AD98BF}.Ad-Hoc|iPhone.ActiveCfg = Release|Any CPU
		{35A10F31-AE1F-4922-A422-4A0AC3AD98BF}.Ad-Hoc|iPhone.Build.0 = Release|Any CPU
		{35A10F31-AE1F-4922-A422-4A0AC3AD98BF}.Ad-Hoc|iPhone.Deploy.0 = Release|Any CPU
		{35A10F31-AE1F-4922-A422-4A0AC3AD98BF}.Ad-Hoc|iPhoneSimulator.ActiveCfg = Release|Any CPU
		{35A10F31-AE1F-4922-A422-4A0AC3AD98BF}.Ad-Hoc|iPhoneSimulator.Build.0 = Release|Any CPU
		{35A10F31-AE1F-4922-A422-4A0AC3AD98BF}.Ad-Hoc|iPhoneSimulator.Deploy.0 = Release|Any CPU
		{35A10F31-AE1F-4922-A422-4A0AC3AD98BF}.AppStore|Any CPU.ActiveCfg = Release|Any CPU
		{35A10F31-AE1F-4922-A422-4A0AC3AD98BF}.AppStore|Any CPU.Build.0 = Release|Any CPU
		{35A10F31-AE1F-4922-A422-4A0AC3AD98BF}.AppStore|Any CPU.Deploy.0 = Release|Any CPU
		{35A10F31-AE1F-4922-A422-4A0AC3AD98BF}.AppStore|iPhone.ActiveCfg = Release|Any CPU
		{35A10F31-AE1F-4922-A422-4A0AC3AD98BF}.AppStore|iPhone.Build.0 = Release|Any CPU
		{35A10F31-AE1F-4922-A422-4A0AC3AD98BF}.AppStore|iPhone.Deploy.0 = Release|Any CPU
		{35A10F31-AE1F-4922-A422-4A0AC3AD98BF}.AppStore|iPhoneSimulator.ActiveCfg = Release|Any CPU
		{35A10F31-AE1F-4922-A422-4A0AC3AD98BF}.AppStore|iPhoneSimulator.Build.0 = Release|Any CPU
		{35A10F31-AE1F-4922-A422-4A0AC3AD98BF}.AppStore|iPhoneSimulator.Deploy.0 = Release|Any CPU
		{35A10F31-AE1F-4922-A422-4A0AC3AD98BF}.Debug|Any CPU.ActiveCfg = Debug|Any CPU
		{35A10F31-AE1F-4922-A422-4A0AC3AD98BF}.Debug|Any CPU.Build.0 = Debug|Any CPU
		{35A10F31-AE1F-4922-A422-4A0AC3AD98BF}.Debug|Any CPU.Deploy.0 = Debug|Any CPU
		{35A10F31-AE1F-4922-A422-4A0AC3AD98BF}.Debug|iPhone.ActiveCfg = Debug|Any CPU
		{35A10F31-AE1F-4922-A422-4A0AC3AD98BF}.Debug|iPhone.Build.0 = Debug|Any CPU
		{35A10F31-AE1F-4922-A422-4A0AC3AD98BF}.Debug|iPhone.Deploy.0 = Debug|Any CPU
		{35A10F31-AE1F-4922-A422-4A0AC3AD98BF}.Debug|iPhoneSimulator.ActiveCfg = Debug|Any CPU
		{35A10F31-AE1F-4922-A422-4A0AC3AD98BF}.Debug|iPhoneSimulator.Build.0 = Debug|Any CPU
		{35A10F31-AE1F-4922-A422-4A0AC3AD98BF}.Debug|iPhoneSimulator.Deploy.0 = Debug|Any CPU
		{35A10F31-AE1F-4922-A422-4A0AC3AD98BF}.Release|Any CPU.ActiveCfg = Release|Any CPU
		{35A10F31-AE1F-4922-A422-4A0AC3AD98BF}.Release|Any CPU.Build.0 = Release|Any CPU
		{35A10F31-AE1F-4922-A422-4A0AC3AD98BF}.Release|Any CPU.Deploy.0 = Release|Any CPU
		{35A10F31-AE1F-4922-A422-4A0AC3AD98BF}.Release|iPhone.ActiveCfg = Release|Any CPU
		{35A10F31-AE1F-4922-A422-4A0AC3AD98BF}.Release|iPhone.Build.0 = Release|Any CPU
		{35A10F31-AE1F-4922-A422-4A0AC3AD98BF}.Release|iPhone.Deploy.0 = Release|Any CPU
		{35A10F31-AE1F-4922-A422-4A0AC3AD98BF}.Release|iPhoneSimulator.ActiveCfg = Release|Any CPU
		{35A10F31-AE1F-4922-A422-4A0AC3AD98BF}.Release|iPhoneSimulator.Build.0 = Release|Any CPU
		{35A10F31-AE1F-4922-A422-4A0AC3AD98BF}.Release|iPhoneSimulator.Deploy.0 = Release|Any CPU
		{42FA2AAD-70CE-429F-B748-ACCCE3501377}.Ad-Hoc|Any CPU.ActiveCfg = Ad-Hoc|iPhone
		{42FA2AAD-70CE-429F-B748-ACCCE3501377}.Ad-Hoc|Any CPU.Build.0 = Ad-Hoc|iPhone
		{42FA2AAD-70CE-429F-B748-ACCCE3501377}.Ad-Hoc|Any CPU.Deploy.0 = Ad-Hoc|iPhone
		{42FA2AAD-70CE-429F-B748-ACCCE3501377}.Ad-Hoc|iPhone.ActiveCfg = Ad-Hoc|iPhone
		{42FA2AAD-70CE-429F-B748-ACCCE3501377}.Ad-Hoc|iPhone.Build.0 = Ad-Hoc|iPhone
		{42FA2AAD-70CE-429F-B748-ACCCE3501377}.Ad-Hoc|iPhone.Deploy.0 = Ad-Hoc|iPhone
		{42FA2AAD-70CE-429F-B748-ACCCE3501377}.Ad-Hoc|iPhoneSimulator.ActiveCfg = Ad-Hoc|iPhoneSimulator
		{42FA2AAD-70CE-429F-B748-ACCCE3501377}.Ad-Hoc|iPhoneSimulator.Build.0 = Ad-Hoc|iPhoneSimulator
		{42FA2AAD-70CE-429F-B748-ACCCE3501377}.Ad-Hoc|iPhoneSimulator.Deploy.0 = Ad-Hoc|iPhoneSimulator
		{42FA2AAD-70CE-429F-B748-ACCCE3501377}.AppStore|Any CPU.ActiveCfg = AppStore|iPhone
		{42FA2AAD-70CE-429F-B748-ACCCE3501377}.AppStore|Any CPU.Build.0 = AppStore|iPhone
		{42FA2AAD-70CE-429F-B748-ACCCE3501377}.AppStore|Any CPU.Deploy.0 = AppStore|iPhone
		{42FA2AAD-70CE-429F-B748-ACCCE3501377}.AppStore|iPhone.ActiveCfg = AppStore|iPhone
		{42FA2AAD-70CE-429F-B748-ACCCE3501377}.AppStore|iPhone.Build.0 = AppStore|iPhone
		{42FA2AAD-70CE-429F-B748-ACCCE3501377}.AppStore|iPhone.Deploy.0 = AppStore|iPhone
		{42FA2AAD-70CE-429F-B748-ACCCE3501377}.AppStore|iPhoneSimulator.ActiveCfg = AppStore|iPhoneSimulator
		{42FA2AAD-70CE-429F-B748-ACCCE3501377}.AppStore|iPhoneSimulator.Build.0 = AppStore|iPhoneSimulator
		{42FA2AAD-70CE-429F-B748-ACCCE3501377}.AppStore|iPhoneSimulator.Deploy.0 = AppStore|iPhoneSimulator
		{42FA2AAD-70CE-429F-B748-ACCCE3501377}.Debug|Any CPU.ActiveCfg = Debug|iPhoneSimulator
		{42FA2AAD-70CE-429F-B748-ACCCE3501377}.Debug|Any CPU.Build.0 = Debug|iPhoneSimulator
		{42FA2AAD-70CE-429F-B748-ACCCE3501377}.Debug|Any CPU.Deploy.0 = Debug|iPhoneSimulator
		{42FA2AAD-70CE-429F-B748-ACCCE3501377}.Debug|iPhone.ActiveCfg = Debug|iPhone
		{42FA2AAD-70CE-429F-B748-ACCCE3501377}.Debug|iPhone.Build.0 = Debug|iPhone
		{42FA2AAD-70CE-429F-B748-ACCCE3501377}.Debug|iPhone.Deploy.0 = Debug|iPhone
		{42FA2AAD-70CE-429F-B748-ACCCE3501377}.Debug|iPhoneSimulator.ActiveCfg = Debug|iPhoneSimulator
		{42FA2AAD-70CE-429F-B748-ACCCE3501377}.Debug|iPhoneSimulator.Build.0 = Debug|iPhoneSimulator
		{42FA2AAD-70CE-429F-B748-ACCCE3501377}.Debug|iPhoneSimulator.Deploy.0 = Debug|iPhoneSimulator
		{42FA2AAD-70CE-429F-B748-ACCCE3501377}.Release|Any CPU.ActiveCfg = Release|iPhone
		{42FA2AAD-70CE-429F-B748-ACCCE3501377}.Release|Any CPU.Build.0 = Release|iPhone
		{42FA2AAD-70CE-429F-B748-ACCCE3501377}.Release|Any CPU.Deploy.0 = Release|iPhone
		{42FA2AAD-70CE-429F-B748-ACCCE3501377}.Release|iPhone.ActiveCfg = Release|iPhone
		{42FA2AAD-70CE-429F-B748-ACCCE3501377}.Release|iPhone.Build.0 = Release|iPhone
		{42FA2AAD-70CE-429F-B748-ACCCE3501377}.Release|iPhone.Deploy.0 = Release|iPhone
		{42FA2AAD-70CE-429F-B748-ACCCE3501377}.Release|iPhoneSimulator.ActiveCfg = Release|iPhoneSimulator
		{42FA2AAD-70CE-429F-B748-ACCCE3501377}.Release|iPhoneSimulator.Build.0 = Release|iPhoneSimulator
		{42FA2AAD-70CE-429F-B748-ACCCE3501377}.Release|iPhoneSimulator.Deploy.0 = Release|iPhoneSimulator
		{5E13BC6D-7844-4283-80B3-63978E2AEB09}.Ad-Hoc|Any CPU.ActiveCfg = Debug|Any CPU
		{5E13BC6D-7844-4283-80B3-63978E2AEB09}.Ad-Hoc|Any CPU.Build.0 = Debug|Any CPU
		{5E13BC6D-7844-4283-80B3-63978E2AEB09}.Ad-Hoc|Any CPU.Deploy.0 = Debug|Any CPU
		{5E13BC6D-7844-4283-80B3-63978E2AEB09}.Ad-Hoc|iPhone.ActiveCfg = Debug|Any CPU
		{5E13BC6D-7844-4283-80B3-63978E2AEB09}.Ad-Hoc|iPhone.Build.0 = Debug|Any CPU
		{5E13BC6D-7844-4283-80B3-63978E2AEB09}.Ad-Hoc|iPhone.Deploy.0 = Debug|Any CPU
		{5E13BC6D-7844-4283-80B3-63978E2AEB09}.Ad-Hoc|iPhoneSimulator.ActiveCfg = Debug|Any CPU
		{5E13BC6D-7844-4283-80B3-63978E2AEB09}.Ad-Hoc|iPhoneSimulator.Build.0 = Debug|Any CPU
		{5E13BC6D-7844-4283-80B3-63978E2AEB09}.Ad-Hoc|iPhoneSimulator.Deploy.0 = Debug|Any CPU
		{5E13BC6D-7844-4283-80B3-63978E2AEB09}.AppStore|Any CPU.ActiveCfg = Debug|Any CPU
		{5E13BC6D-7844-4283-80B3-63978E2AEB09}.AppStore|Any CPU.Build.0 = Debug|Any CPU
		{5E13BC6D-7844-4283-80B3-63978E2AEB09}.AppStore|Any CPU.Deploy.0 = Debug|Any CPU
		{5E13BC6D-7844-4283-80B3-63978E2AEB09}.AppStore|iPhone.ActiveCfg = Debug|Any CPU
		{5E13BC6D-7844-4283-80B3-63978E2AEB09}.AppStore|iPhone.Build.0 = Debug|Any CPU
		{5E13BC6D-7844-4283-80B3-63978E2AEB09}.AppStore|iPhone.Deploy.0 = Debug|Any CPU
		{5E13BC6D-7844-4283-80B3-63978E2AEB09}.AppStore|iPhoneSimulator.ActiveCfg = Debug|Any CPU
		{5E13BC6D-7844-4283-80B3-63978E2AEB09}.AppStore|iPhoneSimulator.Build.0 = Debug|Any CPU
		{5E13BC6D-7844-4283-80B3-63978E2AEB09}.AppStore|iPhoneSimulator.Deploy.0 = Debug|Any CPU
		{5E13BC6D-7844-4283-80B3-63978E2AEB09}.Debug|Any CPU.ActiveCfg = Debug|Any CPU
		{5E13BC6D-7844-4283-80B3-63978E2AEB09}.Debug|Any CPU.Build.0 = Debug|Any CPU
		{5E13BC6D-7844-4283-80B3-63978E2AEB09}.Debug|Any CPU.Deploy.0 = Debug|Any CPU
		{5E13BC6D-7844-4283-80B3-63978E2AEB09}.Debug|iPhone.ActiveCfg = Debug|Any CPU
		{5E13BC6D-7844-4283-80B3-63978E2AEB09}.Debug|iPhone.Build.0 = Debug|Any CPU
		{5E13BC6D-7844-4283-80B3-63978E2AEB09}.Debug|iPhone.Deploy.0 = Debug|Any CPU
		{5E13BC6D-7844-4283-80B3-63978E2AEB09}.Debug|iPhoneSimulator.ActiveCfg = Debug|Any CPU
		{5E13BC6D-7844-4283-80B3-63978E2AEB09}.Debug|iPhoneSimulator.Build.0 = Debug|Any CPU
		{5E13BC6D-7844-4283-80B3-63978E2AEB09}.Debug|iPhoneSimulator.Deploy.0 = Debug|Any CPU
		{5E13BC6D-7844-4283-80B3-63978E2AEB09}.Release|Any CPU.ActiveCfg = Release|Any CPU
		{5E13BC6D-7844-4283-80B3-63978E2AEB09}.Release|Any CPU.Build.0 = Release|Any CPU
		{5E13BC6D-7844-4283-80B3-63978E2AEB09}.Release|Any CPU.Deploy.0 = Release|Any CPU
		{5E13BC6D-7844-4283-80B3-63978E2AEB09}.Release|iPhone.ActiveCfg = Release|Any CPU
		{5E13BC6D-7844-4283-80B3-63978E2AEB09}.Release|iPhone.Build.0 = Release|Any CPU
		{5E13BC6D-7844-4283-80B3-63978E2AEB09}.Release|iPhone.Deploy.0 = Release|Any CPU
		{5E13BC6D-7844-4283-80B3-63978E2AEB09}.Release|iPhoneSimulator.ActiveCfg = Release|Any CPU
		{5E13BC6D-7844-4283-80B3-63978E2AEB09}.Release|iPhoneSimulator.Build.0 = Release|Any CPU
		{5E13BC6D-7844-4283-80B3-63978E2AEB09}.Release|iPhoneSimulator.Deploy.0 = Release|Any CPU
	EndGlobalSection
	GlobalSection(SolutionProperties) = preSolution
		HideSolutionNode = FALSE
	EndGlobalSection
	GlobalSection(ExtensibilityGlobals) = postSolution
		SolutionGuid = {1943B41C-7AFE-466A-B623-38B16A7003E5}
	EndGlobalSection
EndGlobal
